
Microsoft Visual Studio Solution File, Format Version 12.00
# Visual Studio Version 16
VisualStudioVersion = 16.0.29123.89
MinimumVisualStudioVersion = 10.0.40219.1
Project("{9A19103F-16F7-4668-BE54-9A1E7A4F7556}") = "ArkDefence.AspNetCore.Host", "ArkDefence.AspNetCore.Host\ArkDefence.AspNetCore.Host.csproj", "{C3569039-CF63-41A5-A023-640CA0EA42F9}"
	ProjectSection(ProjectDependencies) = postProject
		{014B310F-161D-430A-9E0E-6CF81FBBC948} = {014B310F-161D-430A-9E0E-6CF81FBBC948}
	EndProjectSection
EndProject
Project("{9A19103F-16F7-4668-BE54-9A1E7A4F7556}") = "TestClient", "TestClient\TestClient.csproj", "{046091D9-C0A8-41BD-B0D5-29778D52452E}"
EndProject
Project("{FAE04EC0-301F-11D3-BF4B-00C04F79EFBC}") = "BlazorApp1", "BlazorApp1\BlazorApp1.csproj", "{39B725A4-DF80-42E8-A06E-866E12ECF953}"
EndProject
Project("{FAE04EC0-301F-11D3-BF4B-00C04F79EFBC}") = "WebApplication1", "WebApplication1\WebApplication1.csproj", "{EA7D443A-495B-4818-AD85-2496BF752F44}"
EndProject
Project("{FAE04EC0-301F-11D3-BF4B-00C04F79EFBC}") = "Core", "Core\Core.csproj", "{014B310F-161D-430A-9E0E-6CF81FBBC948}"
EndProject
Global
	GlobalSection(SolutionConfigurationPlatforms) = preSolution
		Debug|Any CPU = Debug|Any CPU
		Release|Any CPU = Release|Any CPU
	EndGlobalSection
	GlobalSection(ProjectConfigurationPlatforms) = postSolution
		{C3569039-CF63-41A5-A023-640CA0EA42F9}.Debug|Any CPU.ActiveCfg = Debug|Any CPU
		{C3569039-CF63-41A5-A023-640CA0EA42F9}.Debug|Any CPU.Build.0 = Debug|Any CPU
		{C3569039-CF63-41A5-A023-640CA0EA42F9}.Release|Any CPU.ActiveCfg = Release|Any CPU
		{C3569039-CF63-41A5-A023-640CA0EA42F9}.Release|Any CPU.Build.0 = Release|Any CPU
		{046091D9-C0A8-41BD-B0D5-29778D52452E}.Debug|Any CPU.ActiveCfg = Debug|Any CPU
		{046091D9-C0A8-41BD-B0D5-29778D52452E}.Debug|Any CPU.Build.0 = Debug|Any CPU
		{046091D9-C0A8-41BD-B0D5-29778D52452E}.Release|Any CPU.ActiveCfg = Release|Any CPU
		{046091D9-C0A8-41BD-B0D5-29778D52452E}.Release|Any CPU.Build.0 = Release|Any CPU
		{39B725A4-DF80-42E8-A06E-866E12ECF953}.Debug|Any CPU.ActiveCfg = Debug|Any CPU
		{39B725A4-DF80-42E8-A06E-866E12ECF953}.Debug|Any CPU.Build.0 = Debug|Any CPU
		{39B725A4-DF80-42E8-A06E-866E12ECF953}.Release|Any CPU.ActiveCfg = Release|Any CPU
		{39B725A4-DF80-42E8-A06E-866E12ECF953}.Release|Any CPU.Build.0 = Release|Any CPU
		{EA7D443A-495B-4818-AD85-2496BF752F44}.Debug|Any CPU.ActiveCfg = Debug|Any CPU
		{EA7D443A-495B-4818-AD85-2496BF752F44}.Debug|Any CPU.Build.0 = Debug|Any CPU
		{EA7D443A-495B-4818-AD85-2496BF752F44}.Release|Any CPU.ActiveCfg = Release|Any CPU
		{EA7D443A-495B-4818-AD85-2496BF752F44}.Release|Any CPU.Build.0 = Release|Any CPU
		{014B310F-161D-430A-9E0E-6CF81FBBC948}.Debug|Any CPU.ActiveCfg = Debug|Any CPU
		{014B310F-161D-430A-9E0E-6CF81FBBC948}.Debug|Any CPU.Build.0 = Debug|Any CPU
		{014B310F-161D-430A-9E0E-6CF81FBBC948}.Release|Any CPU.ActiveCfg = Release|Any CPU
		{014B310F-161D-430A-9E0E-6CF81FBBC948}.Release|Any CPU.Build.0 = Release|Any CPU
	EndGlobalSection
	GlobalSection(SolutionProperties) = preSolution
		HideSolutionNode = FALSE
	EndGlobalSection
	GlobalSection(ExtensibilityGlobals) = postSolution
		SolutionGuid = {12792B7F-7065-4D61-BE6B-F1F6CA74D70B}
	EndGlobalSection
EndGlobal
